
Microsoft Visual Studio Solution File, Format Version 12.00
# Visual Studio Version 17
VisualStudioVersion = 17.9.34622.214
MinimumVisualStudioVersion = 10.0.40219.1
Project("{2150E333-8FDC-42A3-9474-1A3956D46DE8}") = "AppCourseUtils", "AppCourseUtils", "{0E04F9E2-C6EA-4ED5-8593-5A54C3C09602}"
EndProject
Project("{2150E333-8FDC-42A3-9474-1A3956D46DE8}") = "ArrayManagement", "ArrayManagement", "{F1B1A516-B4EA-4D65-93FE-608D63003F50}"
EndProject
Project("{2150E333-8FDC-42A3-9474-1A3956D46DE8}") = "TestConsole", "TestConsole", "{DD37B28C-26F0-45FF-AC9C-ED5FCEAB8EA8}"
EndProject
Project("{9A19103F-16F7-4668-BE54-9A1E7A4F7556}") = "AppCourseUtils", "AppCourseUtils\AppCourseUtils\AppCourseUtils.csproj", "{F0F01BBC-505C-462D-8365-9B1E60012F4C}"
EndProject
Project("{9A19103F-16F7-4668-BE54-9A1E7A4F7556}") = "AppCourseUtils.Tests", "AppCourseUtils\AppCourseUtils.Tests\AppCourseUtils.Tests.csproj", "{EA3FD7FC-D794-45F1-87AE-B309F50B74D0}"
EndProject
Project("{9A19103F-16F7-4668-BE54-9A1E7A4F7556}") = "ArrayManagement", "ArrayManagement\ArrayManagement\ArrayManagement.csproj", "{A9AED3FC-F28C-447C-8826-9B9EE0E18076}"
EndProject
Project("{9A19103F-16F7-4668-BE54-9A1E7A4F7556}") = "ArrayManagement.Tests", "ArrayManagement\ArrayManagement.Tests\ArrayManagement.Tests.csproj", "{1A05ABD5-DDA0-4DAE-9DF1-7D400DEB5F00}"
EndProject
Project("{9A19103F-16F7-4668-BE54-9A1E7A4F7556}") = "ArrayManagement.Tests.ClassLibrary", "ArrayManagement\ArrayManagement.Tests.ClassLibrary\ArrayManagement.Tests.ClassLibrary.csproj", "{91CE076A-6556-4938-871C-23FB012750C4}"
EndProject
Project("{9A19103F-16F7-4668-BE54-9A1E7A4F7556}") = "ArrayManagementClassLibrary", "ArrayManagement\ArrayManagementClassLibrary\ArrayManagementClassLibrary.csproj", "{14FFF82D-16D4-4A05-ADC5-1B850E91565E}"
EndProject
Project("{9A19103F-16F7-4668-BE54-9A1E7A4F7556}") = "TestConsole.Tests", "TestConsole\TestConsole.Tests\TestConsole.Tests.csproj", "{A559A14B-B6AE-4039-B76B-6236FCBCD492}"
EndProject
Project("{9A19103F-16F7-4668-BE54-9A1E7A4F7556}") = "TestConsoleAppNet8", "TestConsole\TestConsoleAppNet8\TestConsoleAppNet8.csproj", "{54450A26-139F-4DD8-9624-41F1A77D2B41}"
EndProject
Project("{FAE04EC0-301F-11D3-BF4B-00C04F79EFBC}") = "TestConsoleNet48", "TestConsole\TestConsoleNet48\TestConsoleNet48.csproj", "{341A5C19-8C40-461F-AC8C-E8A0B8736F7C}"
EndProject
Project("{2150E333-8FDC-42A3-9474-1A3956D46DE8}") = "OOPLessons", "OOPLessons", "{10CAD46D-77FD-4B55-B700-53CBD603258D}"
EndProject
Project("{9A19103F-16F7-4668-BE54-9A1E7A4F7556}") = "OOPLessons", "OOPLessons\OOPLessons.csproj", "{BB3EDF85-686E-4929-A9A4-897B567265F9}"
EndProject
Project("{9A19103F-16F7-4668-BE54-9A1E7A4F7556}") = "OOPLessons.Tests", "OOPLessons.Tests\OOPLessons.Tests.csproj", "{6FF19D2D-8FF3-4DA4-AB42-3AF7CAA7F37E}"
EndProject
Project("{2150E333-8FDC-42A3-9474-1A3956D46DE8}") = "Fiscal", "Fiscal", "{5D6E8F7C-9C88-4118-B9D4-A0491587FC57}"
EndProject
Project("{9A19103F-16F7-4668-BE54-9A1E7A4F7556}") = "OPPClassLibrary.Fiscal", "OPPClassLibrary.Fiscal\OPPClassLibrary.Fiscal.csproj", "{D028AE58-52E8-4762-A853-DA3D29F09980}"
EndProject
Project("{9A19103F-16F7-4668-BE54-9A1E7A4F7556}") = "OPPClassLibraryFiscal.Tests", "OPPClassLibraryFiscal.Tests\OPPClassLibraryFiscal.Tests.csproj", "{ABF94F89-BC86-489D-A24B-636137BBA38B}"
EndProject
Project("{2150E333-8FDC-42A3-9474-1A3956D46DE8}") = "WinForm", "WinForm", "{24877E1D-3FFD-43E1-BEF4-C87356ED94C1}"
EndProject
Project("{9A19103F-16F7-4668-BE54-9A1E7A4F7556}") = "FiscalWinFormsApp", "FiscalWinFormsApp\FiscalWinFormsApp.csproj", "{2B374F0E-CA04-4E79-BFB6-CB62B66783D9}"
EndProject
Project("{9A19103F-16F7-4668-BE54-9A1E7A4F7556}") = "LibraryApp", "LibraryApp\LibraryApp.csproj", "{AB336385-A0F2-4FB8-8A9D-D0D76D9E7D17}"
EndProject
Project("{2150E333-8FDC-42A3-9474-1A3956D46DE8}") = "Library", "Library", "{89FA7030-3A1B-4C86-A326-FF74C7E785A1}"
EndProject
Project("{9A19103F-16F7-4668-BE54-9A1E7A4F7556}") = "LibraryAppTests", "LibraryAppTests\LibraryAppTests.csproj", "{1F43C8EB-9FF2-4145-AB75-1A087B277CA2}"
EndProject
Project("{2150E333-8FDC-42A3-9474-1A3956D46DE8}") = "Game", "Game", "{FD40BD25-7846-4420-9E39-600169AD336D}"
EndProject
Project("{9A19103F-16F7-4668-BE54-9A1E7A4F7556}") = "GameLibrary", "GameCollection\GameLibrary.csproj", "{29AFA90A-E397-4BD9-8EBB-E015C23177B4}"
EndProject
Project("{9A19103F-16F7-4668-BE54-9A1E7A4F7556}") = "DBConsoleApp", "DBConsoleApp\DBConsoleApp.csproj", "{8A7D86AA-EB64-444C-805D-44C90D1A69D1}"
EndProject
Project("{FAE04EC0-301F-11D3-BF4B-00C04F79EFBC}") = "GameDal", "GameDal\GameDal.csproj", "{7A4B4EC8-2722-4E68-A607-B22FCB42932F}"
EndProject
Global
	GlobalSection(SolutionConfigurationPlatforms) = preSolution
		Debug|Any CPU = Debug|Any CPU
		Release|Any CPU = Release|Any CPU
	EndGlobalSection
	GlobalSection(ProjectConfigurationPlatforms) = postSolution
		{F0F01BBC-505C-462D-8365-9B1E60012F4C}.Debug|Any CPU.ActiveCfg = Debug|Any CPU
		{F0F01BBC-505C-462D-8365-9B1E60012F4C}.Debug|Any CPU.Build.0 = Debug|Any CPU
		{F0F01BBC-505C-462D-8365-9B1E60012F4C}.Release|Any CPU.ActiveCfg = Release|Any CPU
		{F0F01BBC-505C-462D-8365-9B1E60012F4C}.Release|Any CPU.Build.0 = Release|Any CPU
		{EA3FD7FC-D794-45F1-87AE-B309F50B74D0}.Debug|Any CPU.ActiveCfg = Debug|Any CPU
		{EA3FD7FC-D794-45F1-87AE-B309F50B74D0}.Debug|Any CPU.Build.0 = Debug|Any CPU
		{EA3FD7FC-D794-45F1-87AE-B309F50B74D0}.Release|Any CPU.ActiveCfg = Release|Any CPU
		{EA3FD7FC-D794-45F1-87AE-B309F50B74D0}.Release|Any CPU.Build.0 = Release|Any CPU
		{A9AED3FC-F28C-447C-8826-9B9EE0E18076}.Debug|Any CPU.ActiveCfg = Debug|Any CPU
		{A9AED3FC-F28C-447C-8826-9B9EE0E18076}.Debug|Any CPU.Build.0 = Debug|Any CPU
		{A9AED3FC-F28C-447C-8826-9B9EE0E18076}.Release|Any CPU.ActiveCfg = Release|Any CPU
		{A9AED3FC-F28C-447C-8826-9B9EE0E18076}.Release|Any CPU.Build.0 = Release|Any CPU
		{1A05ABD5-DDA0-4DAE-9DF1-7D400DEB5F00}.Debug|Any CPU.ActiveCfg = Debug|Any CPU
		{1A05ABD5-DDA0-4DAE-9DF1-7D400DEB5F00}.Debug|Any CPU.Build.0 = Debug|Any CPU
		{1A05ABD5-DDA0-4DAE-9DF1-7D400DEB5F00}.Release|Any CPU.ActiveCfg = Release|Any CPU
		{1A05ABD5-DDA0-4DAE-9DF1-7D400DEB5F00}.Release|Any CPU.Build.0 = Release|Any CPU
		{91CE076A-6556-4938-871C-23FB012750C4}.Debug|Any CPU.ActiveCfg = Debug|Any CPU
		{91CE076A-6556-4938-871C-23FB012750C4}.Debug|Any CPU.Build.0 = Debug|Any CPU
		{91CE076A-6556-4938-871C-23FB012750C4}.Release|Any CPU.ActiveCfg = Release|Any CPU
		{91CE076A-6556-4938-871C-23FB012750C4}.Release|Any CPU.Build.0 = Release|Any CPU
		{14FFF82D-16D4-4A05-ADC5-1B850E91565E}.Debug|Any CPU.ActiveCfg = Debug|Any CPU
		{14FFF82D-16D4-4A05-ADC5-1B850E91565E}.Debug|Any CPU.Build.0 = Debug|Any CPU
		{14FFF82D-16D4-4A05-ADC5-1B850E91565E}.Release|Any CPU.ActiveCfg = Release|Any CPU
		{14FFF82D-16D4-4A05-ADC5-1B850E91565E}.Release|Any CPU.Build.0 = Release|Any CPU
		{A559A14B-B6AE-4039-B76B-6236FCBCD492}.Debug|Any CPU.ActiveCfg = Debug|Any CPU
		{A559A14B-B6AE-4039-B76B-6236FCBCD492}.Debug|Any CPU.Build.0 = Debug|Any CPU
		{A559A14B-B6AE-4039-B76B-6236FCBCD492}.Release|Any CPU.ActiveCfg = Release|Any CPU
		{A559A14B-B6AE-4039-B76B-6236FCBCD492}.Release|Any CPU.Build.0 = Release|Any CPU
		{54450A26-139F-4DD8-9624-41F1A77D2B41}.Debug|Any CPU.ActiveCfg = Debug|Any CPU
		{54450A26-139F-4DD8-9624-41F1A77D2B41}.Debug|Any CPU.Build.0 = Debug|Any CPU
		{54450A26-139F-4DD8-9624-41F1A77D2B41}.Release|Any CPU.ActiveCfg = Release|Any CPU
		{54450A26-139F-4DD8-9624-41F1A77D2B41}.Release|Any CPU.Build.0 = Release|Any CPU
		{341A5C19-8C40-461F-AC8C-E8A0B8736F7C}.Debug|Any CPU.ActiveCfg = Debug|Any CPU
		{341A5C19-8C40-461F-AC8C-E8A0B8736F7C}.Debug|Any CPU.Build.0 = Debug|Any CPU
		{341A5C19-8C40-461F-AC8C-E8A0B8736F7C}.Release|Any CPU.ActiveCfg = Release|Any CPU
		{341A5C19-8C40-461F-AC8C-E8A0B8736F7C}.Release|Any CPU.Build.0 = Release|Any CPU
		{BB3EDF85-686E-4929-A9A4-897B567265F9}.Debug|Any CPU.ActiveCfg = Debug|Any CPU
		{BB3EDF85-686E-4929-A9A4-897B567265F9}.Debug|Any CPU.Build.0 = Debug|Any CPU
		{BB3EDF85-686E-4929-A9A4-897B567265F9}.Release|Any CPU.ActiveCfg = Release|Any CPU
		{BB3EDF85-686E-4929-A9A4-897B567265F9}.Release|Any CPU.Build.0 = Release|Any CPU
		{6FF19D2D-8FF3-4DA4-AB42-3AF7CAA7F37E}.Debug|Any CPU.ActiveCfg = Debug|Any CPU
		{6FF19D2D-8FF3-4DA4-AB42-3AF7CAA7F37E}.Debug|Any CPU.Build.0 = Debug|Any CPU
		{6FF19D2D-8FF3-4DA4-AB42-3AF7CAA7F37E}.Release|Any CPU.ActiveCfg = Release|Any CPU
		{6FF19D2D-8FF3-4DA4-AB42-3AF7CAA7F37E}.Release|Any CPU.Build.0 = Release|Any CPU
		{D028AE58-52E8-4762-A853-DA3D29F09980}.Debug|Any CPU.ActiveCfg = Debug|Any CPU
		{D028AE58-52E8-4762-A853-DA3D29F09980}.Debug|Any CPU.Build.0 = Debug|Any CPU
		{D028AE58-52E8-4762-A853-DA3D29F09980}.Release|Any CPU.ActiveCfg = Release|Any CPU
		{D028AE58-52E8-4762-A853-DA3D29F09980}.Release|Any CPU.Build.0 = Release|Any CPU
		{ABF94F89-BC86-489D-A24B-636137BBA38B}.Debug|Any CPU.ActiveCfg = Debug|Any CPU
		{ABF94F89-BC86-489D-A24B-636137BBA38B}.Debug|Any CPU.Build.0 = Debug|Any CPU
		{ABF94F89-BC86-489D-A24B-636137BBA38B}.Release|Any CPU.ActiveCfg = Release|Any CPU
		{ABF94F89-BC86-489D-A24B-636137BBA38B}.Release|Any CPU.Build.0 = Release|Any CPU
		{2B374F0E-CA04-4E79-BFB6-CB62B66783D9}.Debug|Any CPU.ActiveCfg = Debug|Any CPU
		{2B374F0E-CA04-4E79-BFB6-CB62B66783D9}.Debug|Any CPU.Build.0 = Debug|Any CPU
		{2B374F0E-CA04-4E79-BFB6-CB62B66783D9}.Release|Any CPU.ActiveCfg = Release|Any CPU
		{2B374F0E-CA04-4E79-BFB6-CB62B66783D9}.Release|Any CPU.Build.0 = Release|Any CPU
		{AB336385-A0F2-4FB8-8A9D-D0D76D9E7D17}.Debug|Any CPU.ActiveCfg = Debug|Any CPU
		{AB336385-A0F2-4FB8-8A9D-D0D76D9E7D17}.Debug|Any CPU.Build.0 = Debug|Any CPU
		{AB336385-A0F2-4FB8-8A9D-D0D76D9E7D17}.Release|Any CPU.ActiveCfg = Release|Any CPU
		{AB336385-A0F2-4FB8-8A9D-D0D76D9E7D17}.Release|Any CPU.Build.0 = Release|Any CPU
		{1F43C8EB-9FF2-4145-AB75-1A087B277CA2}.Debug|Any CPU.ActiveCfg = Debug|Any CPU
		{1F43C8EB-9FF2-4145-AB75-1A087B277CA2}.Debug|Any CPU.Build.0 = Debug|Any CPU
		{1F43C8EB-9FF2-4145-AB75-1A087B277CA2}.Release|Any CPU.ActiveCfg = Release|Any CPU
		{1F43C8EB-9FF2-4145-AB75-1A087B277CA2}.Release|Any CPU.Build.0 = Release|Any CPU
		{29AFA90A-E397-4BD9-8EBB-E015C23177B4}.Debug|Any CPU.ActiveCfg = Debug|Any CPU
		{29AFA90A-E397-4BD9-8EBB-E015C23177B4}.Debug|Any CPU.Build.0 = Debug|Any CPU
		{29AFA90A-E397-4BD9-8EBB-E015C23177B4}.Release|Any CPU.ActiveCfg = Release|Any CPU
		{29AFA90A-E397-4BD9-8EBB-E015C23177B4}.Release|Any CPU.Build.0 = Release|Any CPU
		{8A7D86AA-EB64-444C-805D-44C90D1A69D1}.Debug|Any CPU.ActiveCfg = Debug|Any CPU
		{8A7D86AA-EB64-444C-805D-44C90D1A69D1}.Debug|Any CPU.Build.0 = Debug|Any CPU
		{8A7D86AA-EB64-444C-805D-44C90D1A69D1}.Release|Any CPU.ActiveCfg = Release|Any CPU
		{8A7D86AA-EB64-444C-805D-44C90D1A69D1}.Release|Any CPU.Build.0 = Release|Any CPU
		{7A4B4EC8-2722-4E68-A607-B22FCB42932F}.Debug|Any CPU.ActiveCfg = Debug|Any CPU
		{7A4B4EC8-2722-4E68-A607-B22FCB42932F}.Debug|Any CPU.Build.0 = Debug|Any CPU
		{7A4B4EC8-2722-4E68-A607-B22FCB42932F}.Release|Any CPU.ActiveCfg = Release|Any CPU
		{7A4B4EC8-2722-4E68-A607-B22FCB42932F}.Release|Any CPU.Build.0 = Release|Any CPU
	EndGlobalSection
	GlobalSection(SolutionProperties) = preSolution
		HideSolutionNode = FALSE
	EndGlobalSection
	GlobalSection(NestedProjects) = preSolution
		{F0F01BBC-505C-462D-8365-9B1E60012F4C} = {0E04F9E2-C6EA-4ED5-8593-5A54C3C09602}
		{EA3FD7FC-D794-45F1-87AE-B309F50B74D0} = {0E04F9E2-C6EA-4ED5-8593-5A54C3C09602}
		{A9AED3FC-F28C-447C-8826-9B9EE0E18076} = {F1B1A516-B4EA-4D65-93FE-608D63003F50}
		{1A05ABD5-DDA0-4DAE-9DF1-7D400DEB5F00} = {F1B1A516-B4EA-4D65-93FE-608D63003F50}
		{91CE076A-6556-4938-871C-23FB012750C4} = {F1B1A516-B4EA-4D65-93FE-608D63003F50}
		{14FFF82D-16D4-4A05-ADC5-1B850E91565E} = {F1B1A516-B4EA-4D65-93FE-608D63003F50}
		{A559A14B-B6AE-4039-B76B-6236FCBCD492} = {DD37B28C-26F0-45FF-AC9C-ED5FCEAB8EA8}
		{54450A26-139F-4DD8-9624-41F1A77D2B41} = {DD37B28C-26F0-45FF-AC9C-ED5FCEAB8EA8}
		{341A5C19-8C40-461F-AC8C-E8A0B8736F7C} = {DD37B28C-26F0-45FF-AC9C-ED5FCEAB8EA8}
		{BB3EDF85-686E-4929-A9A4-897B567265F9} = {10CAD46D-77FD-4B55-B700-53CBD603258D}
		{6FF19D2D-8FF3-4DA4-AB42-3AF7CAA7F37E} = {10CAD46D-77FD-4B55-B700-53CBD603258D}
		{D028AE58-52E8-4762-A853-DA3D29F09980} = {5D6E8F7C-9C88-4118-B9D4-A0491587FC57}
		{ABF94F89-BC86-489D-A24B-636137BBA38B} = {5D6E8F7C-9C88-4118-B9D4-A0491587FC57}
		{2B374F0E-CA04-4E79-BFB6-CB62B66783D9} = {24877E1D-3FFD-43E1-BEF4-C87356ED94C1}
		{AB336385-A0F2-4FB8-8A9D-D0D76D9E7D17} = {89FA7030-3A1B-4C86-A326-FF74C7E785A1}
		{1F43C8EB-9FF2-4145-AB75-1A087B277CA2} = {89FA7030-3A1B-4C86-A326-FF74C7E785A1}
		{29AFA90A-E397-4BD9-8EBB-E015C23177B4} = {FD40BD25-7846-4420-9E39-600169AD336D}
		{7A4B4EC8-2722-4E68-A607-B22FCB42932F} = {FD40BD25-7846-4420-9E39-600169AD336D}
	EndGlobalSection
	GlobalSection(ExtensibilityGlobals) = postSolution
		SolutionGuid = {BB4E725C-6985-4C59-B9E6-978B73E9F1B8}
	EndGlobalSection
EndGlobal
