
Microsoft Visual Studio Solution File, Format Version 12.00
# Visual Studio Version 17
VisualStudioVersion = 17.9.34622.214
MinimumVisualStudioVersion = 10.0.40219.1
Project("{FAE04EC0-301F-11D3-BF4B-00C04F79EFBC}") = "MauiAppTaskList", "MauiAppTaskList\MauiAppTaskList.csproj", "{E43D6A78-1A60-4440-8C1C-C86FBDDDFF02}"
EndProject
Global
	GlobalSection(SolutionConfigurationPlatforms) = preSolution
		Debug|Any CPU = Debug|Any CPU
		Release|Any CPU = Release|Any CPU
	EndGlobalSection
	GlobalSection(ProjectConfigurationPlatforms) = postSolution
		{E43D6A78-1A60-4440-8C1C-C86FBDDDFF02}.Debug|Any CPU.ActiveCfg = Debug|Any CPU
		{E43D6A78-1A60-4440-8C1C-C86FBDDDFF02}.Debug|Any CPU.Build.0 = Debug|Any CPU
		{E43D6A78-1A60-4440-8C1C-C86FBDDDFF02}.Debug|Any CPU.Deploy.0 = Debug|Any CPU
		{E43D6A78-1A60-4440-8C1C-C86FBDDDFF02}.Release|Any CPU.ActiveCfg = Release|Any CPU
		{E43D6A78-1A60-4440-8C1C-C86FBDDDFF02}.Release|Any CPU.Build.0 = Release|Any CPU
		{E43D6A78-1A60-4440-8C1C-C86FBDDDFF02}.Release|Any CPU.Deploy.0 = Release|Any CPU
	EndGlobalSection
	GlobalSection(SolutionProperties) = preSolution
		HideSolutionNode = FALSE
	EndGlobalSection
	GlobalSection(ExtensibilityGlobals) = postSolution
		SolutionGuid = {F51A7505-03F8-4007-AC43-19D1F08CB64F}
	EndGlobalSection
EndGlobal
