
Microsoft Visual Studio Solution File, Format Version 12.00
# Visual Studio Version 17
VisualStudioVersion = 17.9.34622.214
MinimumVisualStudioVersion = 10.0.40219.1
Project("{9A19103F-16F7-4668-BE54-9A1E7A4F7556}") = "GamesETL.Models", "GamesETL.Models\GamesETL.Models.csproj", "{75B83DD1-773B-4880-9C60-3D13ABF93C79}"
EndProject
Project("{9A19103F-16F7-4668-BE54-9A1E7A4F7556}") = "GamesETL.Core", "GamesETL.Core\GamesETL.Core.csproj", "{3DC88ADC-C122-42D2-90E7-B73823A8EE24}"
EndProject
Project("{9A19103F-16F7-4668-BE54-9A1E7A4F7556}") = "GamesETL.Files", "GamesETL.Files\GamesETL.Files.csproj", "{2F47FFD1-1C19-4A76-9214-34A8AD2901C3}"
EndProject
Project("{9A19103F-16F7-4668-BE54-9A1E7A4F7556}") = "GamesETL.Tests", "GamesETL.Tests\GamesETL.Tests.csproj", "{C34EA707-3B0A-41D1-8D07-1D7B14A1017D}"
EndProject
Project("{9A19103F-16F7-4668-BE54-9A1E7A4F7556}") = "GamesETL.Common", "GamesETL.Common\GamesETL.Common.csproj", "{2768958F-0DEE-44C9-8AD4-7D83A560A767}"
EndProject
Project("{FAE04EC0-301F-11D3-BF4B-00C04F79EFBC}") = "GamesETL.CmdLines", "GamesETL.CmdLines\GamesETL.CmdLines.csproj", "{013E97B0-AD88-4D6B-9CB8-36F310469F10}"
EndProject
Global
	GlobalSection(SolutionConfigurationPlatforms) = preSolution
		Debug|Any CPU = Debug|Any CPU
		Release|Any CPU = Release|Any CPU
	EndGlobalSection
	GlobalSection(ProjectConfigurationPlatforms) = postSolution
		{75B83DD1-773B-4880-9C60-3D13ABF93C79}.Debug|Any CPU.ActiveCfg = Debug|Any CPU
		{75B83DD1-773B-4880-9C60-3D13ABF93C79}.Debug|Any CPU.Build.0 = Debug|Any CPU
		{75B83DD1-773B-4880-9C60-3D13ABF93C79}.Release|Any CPU.ActiveCfg = Release|Any CPU
		{75B83DD1-773B-4880-9C60-3D13ABF93C79}.Release|Any CPU.Build.0 = Release|Any CPU
		{3DC88ADC-C122-42D2-90E7-B73823A8EE24}.Debug|Any CPU.ActiveCfg = Debug|Any CPU
		{3DC88ADC-C122-42D2-90E7-B73823A8EE24}.Debug|Any CPU.Build.0 = Debug|Any CPU
		{3DC88ADC-C122-42D2-90E7-B73823A8EE24}.Release|Any CPU.ActiveCfg = Release|Any CPU
		{3DC88ADC-C122-42D2-90E7-B73823A8EE24}.Release|Any CPU.Build.0 = Release|Any CPU
		{2F47FFD1-1C19-4A76-9214-34A8AD2901C3}.Debug|Any CPU.ActiveCfg = Debug|Any CPU
		{2F47FFD1-1C19-4A76-9214-34A8AD2901C3}.Debug|Any CPU.Build.0 = Debug|Any CPU
		{2F47FFD1-1C19-4A76-9214-34A8AD2901C3}.Release|Any CPU.ActiveCfg = Release|Any CPU
		{2F47FFD1-1C19-4A76-9214-34A8AD2901C3}.Release|Any CPU.Build.0 = Release|Any CPU
		{C34EA707-3B0A-41D1-8D07-1D7B14A1017D}.Debug|Any CPU.ActiveCfg = Debug|Any CPU
		{C34EA707-3B0A-41D1-8D07-1D7B14A1017D}.Debug|Any CPU.Build.0 = Debug|Any CPU
		{C34EA707-3B0A-41D1-8D07-1D7B14A1017D}.Release|Any CPU.ActiveCfg = Release|Any CPU
		{C34EA707-3B0A-41D1-8D07-1D7B14A1017D}.Release|Any CPU.Build.0 = Release|Any CPU
		{2768958F-0DEE-44C9-8AD4-7D83A560A767}.Debug|Any CPU.ActiveCfg = Debug|Any CPU
		{2768958F-0DEE-44C9-8AD4-7D83A560A767}.Debug|Any CPU.Build.0 = Debug|Any CPU
		{2768958F-0DEE-44C9-8AD4-7D83A560A767}.Release|Any CPU.ActiveCfg = Release|Any CPU
		{2768958F-0DEE-44C9-8AD4-7D83A560A767}.Release|Any CPU.Build.0 = Release|Any CPU
		{013E97B0-AD88-4D6B-9CB8-36F310469F10}.Debug|Any CPU.ActiveCfg = Debug|Any CPU
		{013E97B0-AD88-4D6B-9CB8-36F310469F10}.Debug|Any CPU.Build.0 = Debug|Any CPU
		{013E97B0-AD88-4D6B-9CB8-36F310469F10}.Release|Any CPU.ActiveCfg = Release|Any CPU
		{013E97B0-AD88-4D6B-9CB8-36F310469F10}.Release|Any CPU.Build.0 = Release|Any CPU
	EndGlobalSection
	GlobalSection(SolutionProperties) = preSolution
		HideSolutionNode = FALSE
	EndGlobalSection
	GlobalSection(ExtensibilityGlobals) = postSolution
		SolutionGuid = {D5A20C9A-BD57-4F9D-A699-6825ED6CDE7F}
	EndGlobalSection
EndGlobal
