
Microsoft Visual Studio Solution File, Format Version 12.00
# Visual Studio Version 17
VisualStudioVersion = 17.9.34622.214
MinimumVisualStudioVersion = 10.0.40219.1
Project("{9A19103F-16F7-4668-BE54-9A1E7A4F7556}") = "AdopcionesWinForms", "WinFormsApp_Adopciones\AdopcionesWinForms.csproj", "{A903D5D1-3F2F-43CA-9B9E-6E3C40B26696}"
EndProject
Project("{9A19103F-16F7-4668-BE54-9A1E7A4F7556}") = "AdopcionesModels", "AdopcionesModels\AdopcionesModels.csproj", "{D16C806B-B219-4976-991F-4F1130911FB6}"
EndProject
Project("{9A19103F-16F7-4668-BE54-9A1E7A4F7556}") = "AdopcionesDAL", "AdopcionesDAL\AdopcionesDAL.csproj", "{2E47C84A-9162-4BFA-8B43-EE04CAFEED23}"
EndProject
Project("{FAE04EC0-301F-11D3-BF4B-00C04F79EFBC}") = "AdopcionesApi", "AdopcionesApi\AdopcionesApi.csproj", "{BEB99286-2CAD-4A09-AD8D-1F89746A51A8}"
EndProject
Global
	GlobalSection(SolutionConfigurationPlatforms) = preSolution
		Debug|Any CPU = Debug|Any CPU
		Release|Any CPU = Release|Any CPU
	EndGlobalSection
	GlobalSection(ProjectConfigurationPlatforms) = postSolution
		{A903D5D1-3F2F-43CA-9B9E-6E3C40B26696}.Debug|Any CPU.ActiveCfg = Debug|Any CPU
		{A903D5D1-3F2F-43CA-9B9E-6E3C40B26696}.Debug|Any CPU.Build.0 = Debug|Any CPU
		{A903D5D1-3F2F-43CA-9B9E-6E3C40B26696}.Release|Any CPU.ActiveCfg = Release|Any CPU
		{A903D5D1-3F2F-43CA-9B9E-6E3C40B26696}.Release|Any CPU.Build.0 = Release|Any CPU
		{D16C806B-B219-4976-991F-4F1130911FB6}.Debug|Any CPU.ActiveCfg = Debug|Any CPU
		{D16C806B-B219-4976-991F-4F1130911FB6}.Debug|Any CPU.Build.0 = Debug|Any CPU
		{D16C806B-B219-4976-991F-4F1130911FB6}.Release|Any CPU.ActiveCfg = Release|Any CPU
		{D16C806B-B219-4976-991F-4F1130911FB6}.Release|Any CPU.Build.0 = Release|Any CPU
		{2E47C84A-9162-4BFA-8B43-EE04CAFEED23}.Debug|Any CPU.ActiveCfg = Debug|Any CPU
		{2E47C84A-9162-4BFA-8B43-EE04CAFEED23}.Debug|Any CPU.Build.0 = Debug|Any CPU
		{2E47C84A-9162-4BFA-8B43-EE04CAFEED23}.Release|Any CPU.ActiveCfg = Release|Any CPU
		{2E47C84A-9162-4BFA-8B43-EE04CAFEED23}.Release|Any CPU.Build.0 = Release|Any CPU
		{BEB99286-2CAD-4A09-AD8D-1F89746A51A8}.Debug|Any CPU.ActiveCfg = Debug|Any CPU
		{BEB99286-2CAD-4A09-AD8D-1F89746A51A8}.Debug|Any CPU.Build.0 = Debug|Any CPU
		{BEB99286-2CAD-4A09-AD8D-1F89746A51A8}.Release|Any CPU.ActiveCfg = Release|Any CPU
		{BEB99286-2CAD-4A09-AD8D-1F89746A51A8}.Release|Any CPU.Build.0 = Release|Any CPU
	EndGlobalSection
	GlobalSection(SolutionProperties) = preSolution
		HideSolutionNode = FALSE
	EndGlobalSection
	GlobalSection(ExtensibilityGlobals) = postSolution
		SolutionGuid = {6C21713D-FAEC-43CF-BA8E-CBAF27408716}
	EndGlobalSection
EndGlobal
